GEM
  remote: https://rubygems.org/
  specs:
    anthropic (1.16.3)
      connection_pool
    base64 (0.3.0)
    connection_pool (3.0.2)
    dotenv (3.2.0)
    method_source (1.1.0)

PLATFORMS
  arm64-darwin-24
  ruby

DEPENDENCIES
  anthropic
  base64
  dotenv
  method_source

BUNDLED WITH
   2.6.9
